
Microsoft Visual Studio Solution File, Format Version 12.00
# Visual Studio Version 17
VisualStudioVersion = 17.5.33424.131
MinimumVisualStudioVersion = 10.0.40219.1
Project("{FAE04EC0-301F-11D3-BF4B-00C04F79EFBC}") = "StudentsRecordSystem", "StudentsRecordSystem\StudentsRecordSystem.csproj", "{FE1EC11F-C238-4904-A887-50D637D6BAB1}"
EndProject
Global
	GlobalSection(SolutionConfigurationPlatforms) = preSolution
		Debug|Any CPU = Debug|Any CPU
		Release|Any CPU = Release|Any CPU
	EndGlobalSection
	GlobalSection(ProjectConfigurationPlatforms) = postSolution
		{FE1EC11F-C238-4904-A887-50D637D6BAB1}.Debug|Any CPU.ActiveCfg = Debug|Any CPU
		{FE1EC11F-C238-4904-A887-50D637D6BAB1}.Debug|Any CPU.Build.0 = Debug|Any CPU
		{FE1EC11F-C238-4904-A887-50D637D6BAB1}.Release|Any CPU.ActiveCfg = Release|Any CPU
		{FE1EC11F-C238-4904-A887-50D637D6BAB1}.Release|Any CPU.Build.0 = Release|Any CPU
	EndGlobalSection
	GlobalSection(SolutionProperties) = preSolution
		HideSolutionNode = FALSE
	EndGlobalSection
	GlobalSection(ExtensibilityGlobals) = postSolution
		SolutionGuid = {7E5E7CA6-31E5-497C-9EB5-2E4B5FB0E11F}
	EndGlobalSection
EndGlobal
